// !$*UTF8*$!
{
	archiveVersion = 1;
	classes = {
	};
	objectVersion = 45;
	objects = {

/* Begin PBXBuildFile section */
		1D3623260D0F684500981E51 /* TapTapAppDelegate.m in Sources */ = {isa = PBXBuildFile; fileRef = 1D3623250D0F684500981E51 /* TapTapAppDelegate.m */; };
		1D60589B0D05DD56006BFB54 /* main.m in Sources */ = {isa = PBXBuildFile; fileRef = 29B97316FDCFA39411CA2CEA /* main.m */; };
		1D60589F0D05DD5A006BFB54 /* Foundation.framework in Frameworks */ = {isa = PBXBuildFile; fileRef = 1D30AB110D05D00D00671497 /* Foundation.framework */; };
		1DF5F4E00D08C38300B7A737 /* UIKit.framework in Frameworks */ = {isa = PBXBuildFile; fileRef = 1DF5F4DF0D08C38300B7A737 /* UIKit.framework */; };
		288765A50DF7441C002DB57D /* CoreGraphics.framework in Frameworks */ = {isa = PBXBuildFile; fileRef = 288765A40DF7441C002DB57D /* CoreGraphics.framework */; };
		2899E5220DE3E06400AC0155 /* MainMenuView.xib in Resources */ = {isa = PBXBuildFile; fileRef = 2899E5210DE3E06400AC0155 /* MainMenuView.xib */; };
		28AD733F0D9D9553002E5188 /* MainWindow.xib in Resources */ = {isa = PBXBuildFile; fileRef = 28AD733E0D9D9553002E5188 /* MainWindow.xib */; };
		28D7ACF80DDB3853001CB0EB /* MainMenuViewController.m in Sources */ = {isa = PBXBuildFile; fileRef = 28D7ACF70DDB3853001CB0EB /* MainMenuViewController.m */; };
		DA21999913725BA1000A250A /* RootViewController_iPad.xib in Resources */ = {isa = PBXBuildFile; fileRef = DA21999813725BA1000A250A /* RootViewController_iPad.xib */; };
		DA2199C01372647E000A250A /* Default.png in Resources */ = {isa = PBXBuildFile; fileRef = DA2199BF1372647E000A250A /* Default.png */; };
		DA2199CA13726640000A250A /* Default@2x.png in Resources */ = {isa = PBXBuildFile; fileRef = DA2199C913726640000A250A /* Default@2x.png */; };
		DA2199F013726D11000A250A /* Default~ipad.png in Resources */ = {isa = PBXBuildFile; fileRef = DA2199EF13726D11000A250A /* Default~ipad.png */; };
		DA219A0213726F46000A250A /* Icon~ipad.png in Resources */ = {isa = PBXBuildFile; fileRef = DA219A0013726F46000A250A /* Icon~ipad.png */; };
		DA219A0313726F46000A250A /* Icon.png in Resources */ = {isa = PBXBuildFile; fileRef = DA219A0113726F46000A250A /* Icon.png */; };
		DA219A15137283AB000A250A /* logo.png in Resources */ = {isa = PBXBuildFile; fileRef = DA219A14137283AB000A250A /* logo.png */; };
		DA219A2413728692000A250A /* start.png in Resources */ = {isa = PBXBuildFile; fileRef = DA219A2313728692000A250A /* start.png */; };
		DA219A261372879B000A250A /* high_scores.png in Resources */ = {isa = PBXBuildFile; fileRef = DA219A251372879B000A250A /* high_scores.png */; };
		DA219A4213728E7C000A250A /* HighScoresViewController.m in Sources */ = {isa = PBXBuildFile; fileRef = DA219A4013728E7C000A250A /* HighScoresViewController.m */; };
		DA219A4313728E7C000A250A /* HighScoresView.xib in Resources */ = {isa = PBXBuildFile; fileRef = DA219A4113728E7C000A250A /* HighScoresView.xib */; };
		DA219A4913728FC9000A250A /* title_screen.png in Resources */ = {isa = PBXBuildFile; fileRef = DA219A4813728FC9000A250A /* title_screen.png */; };
		DA219A7A13729655000A250A /* RootViewController.m in Sources */ = {isa = PBXBuildFile; fileRef = DA219A7813729655000A250A /* RootViewController.m */; };
		DA219A7B13729655000A250A /* RootViewController.xib in Resources */ = {isa = PBXBuildFile; fileRef = DA219A7913729655000A250A /* RootViewController.xib */; };
		DA219B411372A3EA000A250A /* GameViewController.m in Sources */ = {isa = PBXBuildFile; fileRef = DA219B3F1372A3EA000A250A /* GameViewController.m */; };
		DA219B421372A3EA000A250A /* GameView.xib in Resources */ = {isa = PBXBuildFile; fileRef = DA219B401372A3EA000A250A /* GameView.xib */; };
		DA219B501372A690000A250A /* tap_to_win.png in Resources */ = {isa = PBXBuildFile; fileRef = DA219B4C1372A690000A250A /* tap_to_win.png */; };
		DA219B511372A690000A250A /* tap.png in Resources */ = {isa = PBXBuildFile; fileRef = DA219B4D1372A690000A250A /* tap.png */; };
		DA219B531372A690000A250A /* ready.png in Resources */ = {isa = PBXBuildFile; fileRef = DA219B4F1372A690000A250A /* ready.png */; };
		DA32C1F31374C73200255D64 /* tap_highlighted.png in Resources */ = {isa = PBXBuildFile; fileRef = DA32C1F21374C73200255D64 /* tap_highlighted.png */; };
		DA32C45A1374F7DF00255D64 /* ResultViewController.m in Sources */ = {isa = PBXBuildFile; fileRef = DA32C4581374F7DF00255D64 /* ResultViewController.m */; };
		DA32C45B1374F7DF00255D64 /* ResultView.xib in Resources */ = {isa = PBXBuildFile; fileRef = DA32C4591374F7DF00255D64 /* ResultView.xib */; };
		DA32C4961375062900255D64 /* play_again.png in Resources */ = {isa = PBXBuildFile; fileRef = DA32C4951375062900255D64 /* play_again.png */; };
		DA32C51913751CC400255D64 /* total_taps.png in Resources */ = {isa = PBXBuildFile; fileRef = DA32C51813751CC400255D64 /* total_taps.png */; };
		DA5AB8971371711100147B9E /* MainWindow_iPad.xib in Resources */ = {isa = PBXBuildFile; fileRef = DA5AB8961371711100147B9E /* MainWindow_iPad.xib */; };
		DA5AB8C3137171C100147B9E /* TapTapAppDelegate_iPad.m in Sources */ = {isa = PBXBuildFile; fileRef = DA5AB8C2137171C100147B9E /* TapTapAppDelegate_iPad.m */; };
		DA5AB8C91371726B00147B9E /* RootViewController_iPad.m in Sources */ = {isa = PBXBuildFile; fileRef = DA5AB8C81371726B00147B9E /* RootViewController_iPad.m */; };
		DA70C1DF1377562800CC2EDF /* logo_ipad.png in Resources */ = {isa = PBXBuildFile; fileRef = DA70C1DE1377562800CC2EDF /* logo_ipad.png */; };
		DAECC3DD13762DDE001280F6 /* Silom.ttf in Resources */ = {isa = PBXBuildFile; fileRef = DAECC3DC13762DDE001280F6 /* Silom.ttf */; };
		DAECC4E1137690D5001280F6 /* Settings.bundle in Resources */ = {isa = PBXBuildFile; fileRef = DAECC4E0137690D5001280F6 /* Settings.bundle */; };
		DAECC5FE1376B729001280F6 /* ResultViewController_iPad.m in Sources */ = {isa = PBXBuildFile; fileRef = DAECC5FD1376B729001280F6 /* ResultViewController_iPad.m */; };
		DAECC6021376B7A7001280F6 /* GameViewController_iPad.m in Sources */ = {isa = PBXBuildFile; fileRef = DAECC6011376B7A7001280F6 /* GameViewController_iPad.m */; };
		DAECC6D61376B870001280F6 /* HighScoresViewController_iPad.m in Sources */ = {isa = PBXBuildFile; fileRef = DAECC6D51376B870001280F6 /* HighScoresViewController_iPad.m */; };
		DAECC6DA1376B90D001280F6 /* MainMenuViewController_iPad.m in Sources */ = {isa = PBXBuildFile; fileRef = DAECC6D91376B90D001280F6 /* MainMenuViewController_iPad.m */; };
		DAECC6DC1376B987001280F6 /* MainMenuView_iPad.xib in Resources */ = {isa = PBXBuildFile; fileRef = DAECC6DB1376B987001280F6 /* MainMenuView_iPad.xib */; };
		DAECC6E11376B9B1001280F6 /* ResultView_iPad.xib in Resources */ = {isa = PBXBuildFile; fileRef = DAECC6E01376B9B1001280F6 /* ResultView_iPad.xib */; };
		DAECC6E51376B9D2001280F6 /* GameView_iPad.xib in Resources */ = {isa = PBXBuildFile; fileRef = DAECC6E41376B9D2001280F6 /* GameView_iPad.xib */; };
		DAECC6E71376B9E2001280F6 /* HighScoresView_iPad.xib in Resources */ = {isa = PBXBuildFile; fileRef = DAECC6E61376B9E2001280F6 /* HighScoresView_iPad.xib */; };
/* End PBXBuildFile section */

/* Begin PBXFileReference section */
		1D30AB110D05D00D00671497 /* Foundation.framework */ = {isa = PBXFileReference; lastKnownFileType = wrapper.framework; name = Foundation.framework; path = System/Library/Frameworks/Foundation.framework; sourceTree = SDKROOT; };
		1D3623240D0F684500981E51 /* TapTapAppDelegate.h */ = {isa = PBXFileReference; fileEncoding = 4; lastKnownFileType = sourcecode.c.h; path = TapTapAppDelegate.h; sourceTree = "<group>"; };
		1D3623250D0F684500981E51 /* TapTapAppDelegate.m */ = {isa = PBXFileReference; fileEncoding = 4; lastKnownFileType = sourcecode.c.objc; path = TapTapAppDelegate.m; sourceTree = "<group>"; };
		1D6058910D05DD3D006BFB54 /* TapTap.app */ = {isa = PBXFileReference; explicitFileType = wrapper.application; includeInIndex = 0; path = TapTap.app; sourceTree = BUILT_PRODUCTS_DIR; };
		1DF5F4DF0D08C38300B7A737 /* UIKit.framework */ = {isa = PBXFileReference; lastKnownFileType = wrapper.framework; name = UIKit.framework; path = System/Library/Frameworks/UIKit.framework; sourceTree = SDKROOT; };
		288765A40DF7441C002DB57D /* CoreGraphics.framework */ = {isa = PBXFileReference; lastKnownFileType = wrapper.framework; name = CoreGraphics.framework; path = System/Library/Frameworks/CoreGraphics.framework; sourceTree = SDKROOT; };
		2899E5210DE3E06400AC0155 /* MainMenuView.xib */ = {isa = PBXFileReference; lastKnownFileType = file.xib; path = MainMenuView.xib; sourceTree = "<group>"; };
		28AD733E0D9D9553002E5188 /* MainWindow.xib */ = {isa = PBXFileReference; lastKnownFileType = file.xib; path = MainWindow.xib; sourceTree = "<group>"; };
		28D7ACF60DDB3853001CB0EB /* MainMenuViewController.h */ = {isa = PBXFileReference; fileEncoding = 4; lastKnownFileType = sourcecode.c.h; path = MainMenuViewController.h; sourceTree = "<group>"; };
		28D7ACF70DDB3853001CB0EB /* MainMenuViewController.m */ = {isa = PBXFileReference; fileEncoding = 4; lastKnownFileType = sourcecode.c.objc; path = MainMenuViewController.m; sourceTree = "<group>"; };
		29B97316FDCFA39411CA2CEA /* main.m */ = {isa = PBXFileReference; fileEncoding = 4; lastKnownFileType = sourcecode.c.objc; path = main.m; sourceTree = "<group>"; };
		32CA4F630368D1EE00C91783 /* TapTap_Prefix.pch */ = {isa = PBXFileReference; fileEncoding = 4; lastKnownFileType = sourcecode.c.h; path = TapTap_Prefix.pch; sourceTree = "<group>"; };
		8D1107310486CEB800E47090 /* TapTap-Info.plist */ = {isa = PBXFileReference; fileEncoding = 4; lastKnownFileType = text.plist.xml; path = "TapTap-Info.plist"; plistStructureDefinitionIdentifier = "com.apple.xcode.plist.structure-definition.iphone.info-plist"; sourceTree = "<group>"; };
		DA21999813725BA1000A250A /* RootViewController_iPad.xib */ = {isa = PBXFileReference; lastKnownFileType = file.xib; path = RootViewController_iPad.xib; sourceTree = "<group>"; };
		DA2199BF1372647E000A250A /* Default.png */ = {isa = PBXFileReference; lastKnownFileType = image.png; path = Default.png; sourceTree = "<group>"; };
		DA2199C913726640000A250A /* Default@2x.png */ = {isa = PBXFileReference; lastKnownFileType = image.png; path = "Default@2x.png"; sourceTree = "<group>"; };
		DA2199EF13726D11000A250A /* Default~ipad.png */ = {isa = PBXFileReference; lastKnownFileType = image.png; path = "Default~ipad.png"; sourceTree = "<group>"; };
		DA219A0013726F46000A250A /* Icon~ipad.png */ = {isa = PBXFileReference; lastKnownFileType = image.png; path = "Icon~ipad.png"; sourceTree = "<group>"; };
		DA219A0113726F46000A250A /* Icon.png */ = {isa = PBXFileReference; lastKnownFileType = image.png; path = Icon.png; sourceTree = "<group>"; };
		DA219A14137283AB000A250A /* logo.png */ = {isa = PBXFileReference; lastKnownFileType = image.png; path = logo.png; sourceTree = "<group>"; };
		DA219A2313728692000A250A /* start.png */ = {isa = PBXFileReference; lastKnownFileType = image.png; path = start.png; sourceTree = "<group>"; };
		DA219A251372879B000A250A /* high_scores.png */ = {isa = PBXFileReference; lastKnownFileType = image.png; path = high_scores.png; sourceTree = "<group>"; };
		DA219A3F13728E7C000A250A /* HighScoresViewController.h */ = {isa = PBXFileReference; fileEncoding = 4; lastKnownFileType = sourcecode.c.h; path = HighScoresViewController.h; sourceTree = "<group>"; };
		DA219A4013728E7C000A250A /* HighScoresViewController.m */ = {isa = PBXFileReference; fileEncoding = 4; lastKnownFileType = sourcecode.c.objc; path = HighScoresViewController.m; sourceTree = "<group>"; };
		DA219A4113728E7C000A250A /* HighScoresView.xib */ = {isa = PBXFileReference; lastKnownFileType = file.xib; name = HighScoresView.xib; path = Classes/HighScoresView.xib; sourceTree = "<group>"; };
		DA219A4813728FC9000A250A /* title_screen.png */ = {isa = PBXFileReference; lastKnownFileType = image.png; path = title_screen.png; sourceTree = "<group>"; };
		DA219A7713729655000A250A /* RootViewController.h */ = {isa = PBXFileReference; fileEncoding = 4; lastKnownFileType = sourcecode.c.h; path = RootViewController.h; sourceTree = "<group>"; };
		DA219A7813729655000A250A /* RootViewController.m */ = {isa = PBXFileReference; fileEncoding = 4; lastKnownFileType = sourcecode.c.objc; path = RootViewController.m; sourceTree = "<group>"; };
		DA219A7913729655000A250A /* RootViewController.xib */ = {isa = PBXFileReference; lastKnownFileType = file.xib; name = RootViewController.xib; path = Classes/RootViewController.xib; sourceTree = "<group>"; };
		DA219B3E1372A3EA000A250A /* GameViewController.h */ = {isa = PBXFileReference; fileEncoding = 4; lastKnownFileType = sourcecode.c.h; path = GameViewController.h; sourceTree = "<group>"; };
		DA219B3F1372A3EA000A250A /* GameViewController.m */ = {isa = PBXFileReference; fileEncoding = 4; lastKnownFileType = sourcecode.c.objc; path = GameViewController.m; sourceTree = "<group>"; };
		DA219B401372A3EA000A250A /* GameView.xib */ = {isa = PBXFileReference; lastKnownFileType = file.xib; name = GameView.xib; path = Classes/GameView.xib; sourceTree = "<group>"; };
		DA219B4C1372A690000A250A /* tap_to_win.png */ = {isa = PBXFileReference; lastKnownFileType = image.png; path = tap_to_win.png; sourceTree = "<group>"; };
		DA219B4D1372A690000A250A /* tap.png */ = {isa = PBXFileReference; lastKnownFileType = image.png; path = tap.png; sourceTree = "<group>"; };
		DA219B4F1372A690000A250A /* ready.png */ = {isa = PBXFileReference; lastKnownFileType = image.png; path = ready.png; sourceTree = "<group>"; };
		DA32C1F21374C73200255D64 /* tap_highlighted.png */ = {isa = PBXFileReference; lastKnownFileType = image.png; path = tap_highlighted.png; sourceTree = "<group>"; };
		DA32C4571374F7DF00255D64 /* ResultViewController.h */ = {isa = PBXFileReference; fileEncoding = 4; lastKnownFileType = sourcecode.c.h; path = ResultViewController.h; sourceTree = "<group>"; };
		DA32C4581374F7DF00255D64 /* ResultViewController.m */ = {isa = PBXFileReference; fileEncoding = 4; lastKnownFileType = sourcecode.c.objc; path = ResultViewController.m; sourceTree = "<group>"; };
		DA32C4591374F7DF00255D64 /* ResultView.xib */ = {isa = PBXFileReference; lastKnownFileType = file.xib; name = ResultView.xib; path = Classes/ResultView.xib; sourceTree = "<group>"; };
		DA32C4951375062900255D64 /* play_again.png */ = {isa = PBXFileReference; lastKnownFileType = image.png; path = play_again.png; sourceTree = "<group>"; };
		DA32C51813751CC400255D64 /* total_taps.png */ = {isa = PBXFileReference; lastKnownFileType = image.png; path = total_taps.png; sourceTree = "<group>"; };
		DA5AB8961371711100147B9E /* MainWindow_iPad.xib */ = {isa = PBXFileReference; lastKnownFileType = file.xib; name = MainWindow_iPad.xib; path = "Resources-iPad/MainWindow_iPad.xib"; sourceTree = "<group>"; };
		DA5AB8C1137171C100147B9E /* TapTapAppDelegate_iPad.h */ = {isa = PBXFileReference; fileEncoding = 4; lastKnownFileType = sourcecode.c.h; name = TapTapAppDelegate_iPad.h; path = Classes/TapTapAppDelegate_iPad.h; sourceTree = "<group>"; };
		DA5AB8C2137171C100147B9E /* TapTapAppDelegate_iPad.m */ = {isa = PBXFileReference; fileEncoding = 4; lastKnownFileType = sourcecode.c.objc; name = TapTapAppDelegate_iPad.m; path = Classes/TapTapAppDelegate_iPad.m; sourceTree = "<group>"; };
		DA5AB8C71371726B00147B9E /* RootViewController_iPad.h */ = {isa = PBXFileReference; fileEncoding = 4; lastKnownFileType = sourcecode.c.h; path = RootViewController_iPad.h; sourceTree = "<group>"; };
		DA5AB8C81371726B00147B9E /* RootViewController_iPad.m */ = {isa = PBXFileReference; fileEncoding = 4; lastKnownFileType = sourcecode.c.objc; path = RootViewController_iPad.m; sourceTree = "<group>"; };
		DA70C1DE1377562800CC2EDF /* logo_ipad.png */ = {isa = PBXFileReference; lastKnownFileType = image.png; path = logo_ipad.png; sourceTree = "<group>"; };
		DAECC3DC13762DDE001280F6 /* Silom.ttf */ = {isa = PBXFileReference; lastKnownFileType = file; path = Silom.ttf; sourceTree = "<group>"; };
		DAECC4E0137690D5001280F6 /* Settings.bundle */ = {isa = PBXFileReference; lastKnownFileType = "wrapper.plug-in"; path = Settings.bundle; sourceTree = "<group>"; };
		DAECC5FC1376B729001280F6 /* ResultViewController_iPad.h */ = {isa = PBXFileReference; fileEncoding = 4; lastKnownFileType = sourcecode.c.h; path = ResultViewController_iPad.h; sourceTree = "<group>"; };
		DAECC5FD1376B729001280F6 /* ResultViewController_iPad.m */ = {isa = PBXFileReference; fileEncoding = 4; lastKnownFileType = sourcecode.c.objc; path = ResultViewController_iPad.m; sourceTree = "<group>"; };
		DAECC6001376B7A7001280F6 /* GameViewController_iPad.h */ = {isa = PBXFileReference; fileEncoding = 4; lastKnownFileType = sourcecode.c.h; path = GameViewController_iPad.h; sourceTree = "<group>"; };
		DAECC6011376B7A7001280F6 /* GameViewController_iPad.m */ = {isa = PBXFileReference; fileEncoding = 4; lastKnownFileType = sourcecode.c.objc; path = GameViewController_iPad.m; sourceTree = "<group>"; };
		DAECC6D41376B870001280F6 /* HighScoresViewController_iPad.h */ = {isa = PBXFileReference; fileEncoding = 4; lastKnownFileType = sourcecode.c.h; path = HighScoresViewController_iPad.h; sourceTree = "<group>"; };
		DAECC6D51376B870001280F6 /* HighScoresViewController_iPad.m */ = {isa = PBXFileReference; fileEncoding = 4; lastKnownFileType = sourcecode.c.objc; path = HighScoresViewController_iPad.m; sourceTree = "<group>"; };
		DAECC6D81376B90D001280F6 /* MainMenuViewController_iPad.h */ = {isa = PBXFileReference; fileEncoding = 4; lastKnownFileType = sourcecode.c.h; path = MainMenuViewController_iPad.h; sourceTree = "<group>"; };
		DAECC6D91376B90D001280F6 /* MainMenuViewController_iPad.m */ = {isa = PBXFileReference; fileEncoding = 4; lastKnownFileType = sourcecode.c.objc; path = MainMenuViewController_iPad.m; sourceTree = "<group>"; };
		DAECC6DB1376B987001280F6 /* MainMenuView_iPad.xib */ = {isa = PBXFileReference; lastKnownFileType = file.xib; path = MainMenuView_iPad.xib; sourceTree = "<group>"; };
		DAECC6E01376B9B1001280F6 /* ResultView_iPad.xib */ = {isa = PBXFileReference; lastKnownFileType = file.xib; path = ResultView_iPad.xib; sourceTree = "<group>"; };
		DAECC6E41376B9D2001280F6 /* GameView_iPad.xib */ = {isa = PBXFileReference; lastKnownFileType = file.xib; path = GameView_iPad.xib; sourceTree = "<group>"; };
		DAECC6E61376B9E2001280F6 /* HighScoresView_iPad.xib */ = {isa = PBXFileReference; lastKnownFileType = file.xib; path = HighScoresView_iPad.xib; sourceTree = "<group>"; };
/* End PBXFileReference section */

/* Begin PBXFrameworksBuildPhase section */
		1D60588F0D05DD3D006BFB54 /* Frameworks */ = {
			isa = PBXFrameworksBuildPhase;
			buildActionMask = 2147483647;
			files = (
				1D60589F0D05DD5A006BFB54 /* Foundation.framework in Frameworks */,
				1DF5F4E00D08C38300B7A737 /* UIKit.framework in Frameworks */,
				288765A50DF7441C002DB57D /* CoreGraphics.framework in Frameworks */,
			);
			runOnlyForDeploymentPostprocessing = 0;
		};
/* End PBXFrameworksBuildPhase section */

/* Begin PBXGroup section */
		080E96DDFE201D6D7F000001 /* Classes */ = {
			isa = PBXGroup;
			children = (
				DAECC5E01376B064001280F6 /* Delegate */,
				DAECC5DF1376B05F001280F6 /* Root */,
				DA32C4561374F7A600255D64 /* Result */,
				DA32C1501374B16C00255D64 /* Game */,
				DA32C14F1374B16000255D64 /* High Scores */,
				DA32C14E1374B14F00255D64 /* Main Menu */,
			);
			path = Classes;
			sourceTree = "<group>";
		};
		19C28FACFE9D520D11CA2CBB /* Products */ = {
			isa = PBXGroup;
			children = (
				1D6058910D05DD3D006BFB54 /* TapTap.app */,
			);
			name = Products;
			sourceTree = "<group>";
		};
		29B97314FDCFA39411CA2CEA /* CustomTemplate */ = {
			isa = PBXGroup;
			children = (
				DA2199B713726463000A250A /* Shared */,
				29B97315FDCFA39411CA2CEA /* Other Sources */,
				DA5AB8C5137171D400147B9E /* iPad */,
				DA5AB8C4137171CA00147B9E /* iPhone */,
				29B97323FDCFA39411CA2CEA /* Frameworks */,
				19C28FACFE9D520D11CA2CBB /* Products */,
			);
			name = CustomTemplate;
			sourceTree = "<group>";
		};
		29B97315FDCFA39411CA2CEA /* Other Sources */ = {
			isa = PBXGroup;
			children = (
				32CA4F630368D1EE00C91783 /* TapTap_Prefix.pch */,
				29B97316FDCFA39411CA2CEA /* main.m */,
			);
			name = "Other Sources";
			sourceTree = "<group>";
		};
		29B97317FDCFA39411CA2CEA /* Resources */ = {
			isa = PBXGroup;
			children = (
				2899E5210DE3E06400AC0155 /* MainMenuView.xib */,
				DA219B401372A3EA000A250A /* GameView.xib */,
				DA32C4591374F7DF00255D64 /* ResultView.xib */,
				DA219A4113728E7C000A250A /* HighScoresView.xib */,
				DA219A7913729655000A250A /* RootViewController.xib */,
				28AD733E0D9D9553002E5188 /* MainWindow.xib */,
			);
			name = Resources;
			sourceTree = "<group>";
		};
		29B97323FDCFA39411CA2CEA /* Frameworks */ = {
			isa = PBXGroup;
			children = (
				1DF5F4DF0D08C38300B7A737 /* UIKit.framework */,
				1D30AB110D05D00D00671497 /* Foundation.framework */,
				288765A40DF7441C002DB57D /* CoreGraphics.framework */,
			);
			name = Frameworks;
			sourceTree = "<group>";
		};
		DA2199B713726463000A250A /* Shared */ = {
			isa = PBXGroup;
			children = (
				DA2199B813726469000A250A /* Resources */,
			);
			name = Shared;
			sourceTree = "<group>";
		};
		DA2199B813726469000A250A /* Resources */ = {
			isa = PBXGroup;
			children = (
				8D1107310486CEB800E47090 /* TapTap-Info.plist */,
				DAECC4E0137690D5001280F6 /* Settings.bundle */,
				DAECC3DE13762DEA001280F6 /* Fonts */,
				DA219A16137283AE000A250A /* Images */,
				DA219A0413726F49000A250A /* Icons */,
				DA2199EE13726C80000A250A /* Launch Images */,
			);
			name = Resources;
			sourceTree = "<group>";
		};
		DA2199EE13726C80000A250A /* Launch Images */ = {
			isa = PBXGroup;
			children = (
				DA2199BF1372647E000A250A /* Default.png */,
				DA2199C913726640000A250A /* Default@2x.png */,
				DA2199EF13726D11000A250A /* Default~ipad.png */,
			);
			name = "Launch Images";
			sourceTree = "<group>";
		};
		DA219A0413726F49000A250A /* Icons */ = {
			isa = PBXGroup;
			children = (
				DA219A0013726F46000A250A /* Icon~ipad.png */,
				DA219A0113726F46000A250A /* Icon.png */,
			);
			name = Icons;
			sourceTree = "<group>";
		};
		DA219A16137283AE000A250A /* Images */ = {
			isa = PBXGroup;
			children = (
				DA219A14137283AB000A250A /* logo.png */,
				DA70C1DE1377562800CC2EDF /* logo_ipad.png */,
				DA219A2313728692000A250A /* start.png */,
				DA32C1F21374C73200255D64 /* tap_highlighted.png */,
				DA219A4813728FC9000A250A /* title_screen.png */,
				DA219A251372879B000A250A /* high_scores.png */,
				DA219B4C1372A690000A250A /* tap_to_win.png */,
				DA32C51813751CC400255D64 /* total_taps.png */,
				DA219B4D1372A690000A250A /* tap.png */,
				DA219B4F1372A690000A250A /* ready.png */,
				DA32C4951375062900255D64 /* play_again.png */,
			);
			name = Images;
			sourceTree = "<group>";
		};
		DA32C14E1374B14F00255D64 /* Main Menu */ = {
			isa = PBXGroup;
			children = (
				28D7ACF60DDB3853001CB0EB /* MainMenuViewController.h */,
				28D7ACF70DDB3853001CB0EB /* MainMenuViewController.m */,
			);
			name = "Main Menu";
			sourceTree = "<group>";
		};
		DA32C14F1374B16000255D64 /* High Scores */ = {
			isa = PBXGroup;
			children = (
				DA219A3F13728E7C000A250A /* HighScoresViewController.h */,
				DA219A4013728E7C000A250A /* HighScoresViewController.m */,
			);
			name = "High Scores";
			sourceTree = "<group>";
		};
		DA32C1501374B16C00255D64 /* Game */ = {
			isa = PBXGroup;
			children = (
				DA219B3E1372A3EA000A250A /* GameViewController.h */,
				DA219B3F1372A3EA000A250A /* GameViewController.m */,
			);
			name = Game;
			sourceTree = "<group>";
		};
		DA32C4561374F7A600255D64 /* Result */ = {
			isa = PBXGroup;
			children = (
				DA32C4571374F7DF00255D64 /* ResultViewController.h */,
				DA32C4581374F7DF00255D64 /* ResultViewController.m */,
			);
			name = Result;
			sourceTree = "<group>";
		};
		DA5AB8951371711000147B9E /* Resources */ = {
			isa = PBXGroup;
			children = (
				DAECC6DB1376B987001280F6 /* MainMenuView_iPad.xib */,
				DAECC6E41376B9D2001280F6 /* GameView_iPad.xib */,
				DAECC6E01376B9B1001280F6 /* ResultView_iPad.xib */,
				DAECC6E61376B9E2001280F6 /* HighScoresView_iPad.xib */,
				DA21999813725BA1000A250A /* RootViewController_iPad.xib */,
				DA5AB8961371711100147B9E /* MainWindow_iPad.xib */,
			);
			name = Resources;
			sourceTree = "<group>";
		};
		DA5AB8C4137171CA00147B9E /* iPhone */ = {
			isa = PBXGroup;
			children = (
				080E96DDFE201D6D7F000001 /* Classes */,
				29B97317FDCFA39411CA2CEA /* Resources */,
			);
			name = iPhone;
			sourceTree = "<group>";
		};
		DA5AB8C5137171D400147B9E /* iPad */ = {
			isa = PBXGroup;
			children = (
				DA5AB8C6137171DA00147B9E /* Classes */,
				DA5AB8951371711000147B9E /* Resources */,
			);
			name = iPad;
			sourceTree = "<group>";
		};
		DA5AB8C6137171DA00147B9E /* Classes */ = {
			isa = PBXGroup;
			children = (
				DAECC6D71376B8FA001280F6 /* Main Menu */,
				DAECC6D31376B85E001280F6 /* High Scores */,
				DAECC5FF1376B792001280F6 /* Game */,
				DAECC5FB1376B704001280F6 /* Result */,
				DAECC5F71376B5BA001280F6 /* Delegate */,
				DAECC5F81376B5C8001280F6 /* Root */,
			);
			name = Classes;
			sourceTree = "<group>";
		};
		DAECC3DE13762DEA001280F6 /* Fonts */ = {
			isa = PBXGroup;
			children = (
				DAECC3DC13762DDE001280F6 /* Silom.ttf */,
			);
			name = Fonts;
			sourceTree = "<group>";
		};
		DAECC5DF1376B05F001280F6 /* Root */ = {
			isa = PBXGroup;
			children = (
				DA219A7713729655000A250A /* RootViewController.h */,
				DA219A7813729655000A250A /* RootViewController.m */,
			);
			name = Root;
			sourceTree = "<group>";
		};
		DAECC5E01376B064001280F6 /* Delegate */ = {
			isa = PBXGroup;
			children = (
				1D3623240D0F684500981E51 /* TapTapAppDelegate.h */,
				1D3623250D0F684500981E51 /* TapTapAppDelegate.m */,
			);
			name = Delegate;
			sourceTree = "<group>";
		};
		DAECC5F71376B5BA001280F6 /* Delegate */ = {
			isa = PBXGroup;
			children = (
				DA5AB8C1137171C100147B9E /* TapTapAppDelegate_iPad.h */,
				DA5AB8C2137171C100147B9E /* TapTapAppDelegate_iPad.m */,
			);
			name = Delegate;
			sourceTree = "<group>";
		};
		DAECC5F81376B5C8001280F6 /* Root */ = {
			isa = PBXGroup;
			children = (
				DA5AB8C71371726B00147B9E /* RootViewController_iPad.h */,
				DA5AB8C81371726B00147B9E /* RootViewController_iPad.m */,
			);
			name = Root;
			sourceTree = "<group>";
		};
		DAECC5FB1376B704001280F6 /* Result */ = {
			isa = PBXGroup;
			children = (
				DAECC5FC1376B729001280F6 /* ResultViewController_iPad.h */,
				DAECC5FD1376B729001280F6 /* ResultViewController_iPad.m */,
			);
			name = Result;
			sourceTree = "<group>";
		};
		DAECC5FF1376B792001280F6 /* Game */ = {
			isa = PBXGroup;
			children = (
				DAECC6001376B7A7001280F6 /* GameViewController_iPad.h */,
				DAECC6011376B7A7001280F6 /* GameViewController_iPad.m */,
			);
			name = Game;
			sourceTree = "<group>";
		};
		DAECC6D31376B85E001280F6 /* High Scores */ = {
			isa = PBXGroup;
			children = (
				DAECC6D41376B870001280F6 /* HighScoresViewController_iPad.h */,
				DAECC6D51376B870001280F6 /* HighScoresViewController_iPad.m */,
			);
			name = "High Scores";
			sourceTree = "<group>";
		};
		DAECC6D71376B8FA001280F6 /* Main Menu */ = {
			isa = PBXGroup;
			children = (
				DAECC6D81376B90D001280F6 /* MainMenuViewController_iPad.h */,
				DAECC6D91376B90D001280F6 /* MainMenuViewController_iPad.m */,
			);
			name = "Main Menu";
			sourceTree = "<group>";
		};
/* End PBXGroup section */

/* Begin PBXNativeTarget section */
		1D6058900D05DD3D006BFB54 /* TapTap */ = {
			isa = PBXNativeTarget;
			buildConfigurationList = 1D6058960D05DD3E006BFB54 /* Build configuration list for PBXNativeTarget "TapTap" */;
			buildPhases = (
				1D60588D0D05DD3D006BFB54 /* Resources */,
				1D60588E0D05DD3D006BFB54 /* Sources */,
				1D60588F0D05DD3D006BFB54 /* Frameworks */,
			);
			buildRules = (
			);
			dependencies = (
			);
			name = TapTap;
			productName = TapTap;
			productReference = 1D6058910D05DD3D006BFB54 /* TapTap.app */;
			productType = "com.apple.product-type.application";
		};
/* End PBXNativeTarget section */

/* Begin PBXProject section */
		29B97313FDCFA39411CA2CEA /* Project object */ = {
			isa = PBXProject;
			buildConfigurationList = C01FCF4E08A954540054247B /* Build configuration list for PBXProject "TapTap" */;
			compatibilityVersion = "Xcode 3.1";
			developmentRegion = English;
			hasScannedForEncodings = 1;
			knownRegions = (
				English,
				Japanese,
				French,
				German,
			);
			mainGroup = 29B97314FDCFA39411CA2CEA /* CustomTemplate */;
			projectDirPath = "";
			projectRoot = "";
			targets = (
				1D6058900D05DD3D006BFB54 /* TapTap */,
			);
		};
/* End PBXProject section */

/* Begin PBXResourcesBuildPhase section */
		1D60588D0D05DD3D006BFB54 /* Resources */ = {
			isa = PBXResourcesBuildPhase;
			buildActionMask = 2147483647;
			files = (
				28AD733F0D9D9553002E5188 /* MainWindow.xib in Resources */,
				2899E5220DE3E06400AC0155 /* MainMenuView.xib in Resources */,
				DA5AB8971371711100147B9E /* MainWindow_iPad.xib in Resources */,
				DA21999913725BA1000A250A /* RootViewController_iPad.xib in Resources */,
				DA2199C01372647E000A250A /* Default.png in Resources */,
				DA2199CA13726640000A250A /* Default@2x.png in Resources */,
				DA2199F013726D11000A250A /* Default~ipad.png in Resources */,
				DA219A0213726F46000A250A /* Icon~ipad.png in Resources */,
				DA219A0313726F46000A250A /* Icon.png in Resources */,
				DA219A15137283AB000A250A /* logo.png in Resources */,
				DA219A2413728692000A250A /* start.png in Resources */,
				DA219A261372879B000A250A /* high_scores.png in Resources */,
				DA219A4313728E7C000A250A /* HighScoresView.xib in Resources */,
				DA219A4913728FC9000A250A /* title_screen.png in Resources */,
				DA219A7B13729655000A250A /* RootViewController.xib in Resources */,
				DA219B421372A3EA000A250A /* GameView.xib in Resources */,
				DA219B501372A690000A250A /* tap_to_win.png in Resources */,
				DA219B511372A690000A250A /* tap.png in Resources */,
				DA219B531372A690000A250A /* ready.png in Resources */,
				DA32C1F31374C73200255D64 /* tap_highlighted.png in Resources */,
				DA32C45B1374F7DF00255D64 /* ResultView.xib in Resources */,
				DA32C4961375062900255D64 /* play_again.png in Resources */,
				DA32C51913751CC400255D64 /* total_taps.png in Resources */,
				DAECC3DD13762DDE001280F6 /* Silom.ttf in Resources */,
				DAECC4E1137690D5001280F6 /* Settings.bundle in Resources */,
				DAECC6DC1376B987001280F6 /* MainMenuView_iPad.xib in Resources */,
				DAECC6E11376B9B1001280F6 /* ResultView_iPad.xib in Resources */,
				DAECC6E51376B9D2001280F6 /* GameView_iPad.xib in Resources */,
				DAECC6E71376B9E2001280F6 /* HighScoresView_iPad.xib in Resources */,
				DA70C1DF1377562800CC2EDF /* logo_ipad.png in Resources */,
			);
			runOnlyForDeploymentPostprocessing = 0;
		};
/* End PBXResourcesBuildPhase section */

/* Begin PBXSourcesBuildPhase section */
		1D60588E0D05DD3D006BFB54 /* Sources */ = {
			isa = PBXSourcesBuildPhase;
			buildActionMask = 2147483647;
			files = (
				1D60589B0D05DD56006BFB54 /* main.m in Sources */,
				1D3623260D0F684500981E51 /* TapTapAppDelegate.m in Sources */,
				28D7ACF80DDB3853001CB0EB /* MainMenuViewController.m in Sources */,
				DA5AB8C3137171C100147B9E /* TapTapAppDelegate_iPad.m in Sources */,
				DA5AB8C91371726B00147B9E /* RootViewController_iPad.m in Sources */,
				DA219A4213728E7C000A250A /* HighScoresViewController.m in Sources */,
				DA219A7A13729655000A250A /* RootViewController.m in Sources */,
				DA219B411372A3EA000A250A /* GameViewController.m in Sources */,
				DA32C45A1374F7DF00255D64 /* ResultViewController.m in Sources */,
				DAECC5FE1376B729001280F6 /* ResultViewController_iPad.m in Sources */,
				DAECC6021376B7A7001280F6 /* GameViewController_iPad.m in Sources */,
				DAECC6D61376B870001280F6 /* HighScoresViewController_iPad.m in Sources */,
				DAECC6DA1376B90D001280F6 /* MainMenuViewController_iPad.m in Sources */,
			);
			runOnlyForDeploymentPostprocessing = 0;
		};
/* End PBXSourcesBuildPhase section */

/* Begin XCBuildConfiguration section */
		1D6058940D05DD3E006BFB54 /* Debug */ = {
			isa = XCBuildConfiguration;
			buildSettings = {
				ALWAYS_SEARCH_USER_PATHS = NO;
				ARCHS = "$(ARCHS_STANDARD_32_BIT)";
				COPY_PHASE_STRIP = NO;
				GCC_DYNAMIC_NO_PIC = NO;
				GCC_OPTIMIZATION_LEVEL = 0;
				GCC_PRECOMPILE_PREFIX_HEADER = YES;
				GCC_PREFIX_HEADER = TapTap_Prefix.pch;
				INFOPLIST_FILE = "TapTap-Info.plist";
				PRODUCT_NAME = TapTap;
				SDKROOT = iphoneos;
				TARGETED_DEVICE_FAMILY = "1,2";
			};
			name = Debug;
		};
		1D6058950D05DD3E006BFB54 /* Release */ = {
			isa = XCBuildConfiguration;
			buildSettings = {
				ALWAYS_SEARCH_USER_PATHS = NO;
				ARCHS = "$(ARCHS_STANDARD_32_BIT)";
				COPY_PHASE_STRIP = YES;
				GCC_PRECOMPILE_PREFIX_HEADER = YES;
				GCC_PREFIX_HEADER = TapTap_Prefix.pch;
				INFOPLIST_FILE = "TapTap-Info.plist";
				PRODUCT_NAME = TapTap;
				SDKROOT = iphoneos;
				TARGETED_DEVICE_FAMILY = "1,2";
				VALIDATE_PRODUCT = YES;
			};
			name = Release;
		};
		C01FCF4F08A954540054247B /* Debug */ = {
			isa = XCBuildConfiguration;
			buildSettings = {
				ARCHS = "$(ARCHS_STANDARD_32_BIT)";
				"CODE_SIGN_IDENTITY[sdk=iphoneos*]" = "iPhone Developer";
				GCC_C_LANGUAGE_STANDARD = c99;
				GCC_WARN_ABOUT_RETURN_TYPE = YES;
				GCC_WARN_UNUSED_VARIABLE = YES;
				PREBINDING = NO;
				SDKROOT = iphoneos;
			};
			name = Debug;
		};
		C01FCF5008A954540054247B /* Release */ = {
			isa = XCBuildConfiguration;
			buildSettings = {
				ARCHS = "$(ARCHS_STANDARD_32_BIT)";
				"CODE_SIGN_IDENTITY[sdk=iphoneos*]" = "iPhone Developer";
				GCC_C_LANGUAGE_STANDARD = c99;
				GCC_WARN_ABOUT_RETURN_TYPE = YES;
				GCC_WARN_UNUSED_VARIABLE = YES;
				OTHER_CFLAGS = "-DNS_BLOCK_ASSERTIONS=1";
				PREBINDING = NO;
				SDKROOT = iphoneos;
			};
			name = Release;
		};
/* End XCBuildConfiguration section */

/* Begin XCConfigurationList section */
		1D6058960D05DD3E006BFB54 /* Build configuration list for PBXNativeTarget "TapTap" */ = {
			isa = XCConfigurationList;
			buildConfigurations = (
				1D6058940D05DD3E006BFB54 /* Debug */,
				1D6058950D05DD3E006BFB54 /* Release */,
			);
			defaultConfigurationIsVisible = 0;
			defaultConfigurationName = Release;
		};
		C01FCF4E08A954540054247B /* Build configuration list for PBXProject "TapTap" */ = {
			isa = XCConfigurationList;
			buildConfigurations = (
				C01FCF4F08A954540054247B /* Debug */,
				C01FCF5008A954540054247B /* Release */,
			);
			defaultConfigurationIsVisible = 0;
			defaultConfigurationName = Release;
		};
/* End XCConfigurationList section */
	};
	rootObject = 29B97313FDCFA39411CA2CEA /* Project object */;
}
